{
    "_meta": {
        "hash": {
            "sha256": "b0257efe05dbcd8082d201f4076a4adc9f1488f3471a39a69b55ef56ff4dcb58"
        },
        "pipfile-spec": 1,
        "requires": {},
        "sources": [
            {
                "url": "https://pypi.python.org/simple",
                "verify_ssl": true
            }
        ]
    },
    "default": {
        "bluezero": {
            "version": "==0.0.4"
        },
        "dbus-python": {
            "version": "==1.2.4"
        }
    },
    "develop": {}
}
